PODS:
  - device_display_brightness (0.0.1):
    - Flutter
  - Flutter (1.0.0)
  - flutter_bass (0.0.1):
    - Flutter
  - flutter_blue_plus (0.0.1):
    - Flutter
    - flutter_blue_plus/Protos (= 0.0.1)
  - flutter_blue_plus/Protos (0.0.1):
    - Flutter
    - Protobuf (~> 3.11)
  - flutter_email_sender (0.0.1):
    - Flutter
  - flutter_keyboard_visibility (0.0.1):
    - Flutter
  - flutter_native_splash (0.0.1):
    - Flutter
  - package_info_plus (0.4.5):
    - Flutter
  - path_provider_foundation (0.0.1):
    - Flutter
    - FlutterMacOS
  - permission_handler_apple (9.0.4):
    - Flutter
  - Protobuf (3.21.9)
  - shared_preferences_foundation (0.0.1):
    - Flutter
    - FlutterMacOS
  - url_launcher_ios (0.0.1):
    - Flutter

DEPENDENCIES:
  - device_display_brightness (from `.symlinks/plugins/device_display_brightness/ios`)
  - Flutter (from `Flutter`)
  - flutter_bass (from `.symlinks/plugins/flutter_bass/ios`)
  - flutter_blue_plus (from `.symlinks/plugins/flutter_blue_plus/ios`)
  - flutter_email_sender (from `.symlinks/plugins/flutter_email_sender/ios`)
  - flutter_keyboard_visibility (from `.symlinks/plugins/flutter_keyboard_visibility/ios`)
  - flutter_native_splash (from `.symlinks/plugins/flutter_native_splash/ios`)
  - package_info_plus (from `.symlinks/plugins/package_info_plus/ios`)
  - path_provider_foundation (from `.symlinks/plugins/path_provider_foundation/ios`)
  - permission_handler_apple (from `.symlinks/plugins/permission_handler_apple/ios`)
  - shared_preferences_foundation (from `.symlinks/plugins/shared_preferences_foundation/ios`)
  - url_launcher_ios (from `.symlinks/plugins/url_launcher_ios/ios`)

SPEC REPOS:
  trunk:
    - Protobuf

EXTERNAL SOURCES:
  device_display_brightness:
    :path: ".symlinks/plugins/device_display_brightness/ios"
  Flutter:
    :path: Flutter
  flutter_bass:
    :path: ".symlinks/plugins/flutter_bass/ios"
  flutter_blue_plus:
    :path: ".symlinks/plugins/flutter_blue_plus/ios"
  flutter_email_sender:
    :path: ".symlinks/plugins/flutter_email_sender/ios"
  flutter_keyboard_visibility:
    :path: ".symlinks/plugins/flutter_keyboard_visibility/ios"
  flutter_native_splash:
    :path: ".symlinks/plugins/flutter_native_splash/ios"
  package_info_plus:
    :path: ".symlinks/plugins/package_info_plus/ios"
  path_provider_foundation:
    :path: ".symlinks/plugins/path_provider_foundation/ios"
  permission_handler_apple:
    :path: ".symlinks/plugins/permission_handler_apple/ios"
  shared_preferences_foundation:
    :path: ".symlinks/plugins/shared_preferences_foundation/ios"
  url_launcher_ios:
    :path: ".symlinks/plugins/url_launcher_ios/ios"

SPEC CHECKSUMS:
  device_display_brightness: 1510e72c567a1f6ce6ffe393dcd9afd1426034f7
  Flutter: f04841e97a9d0b0a8025694d0796dd46242b2854
  flutter_bass: 733df2f05298551f541e0c41553b801dcc4b1488
  flutter_blue_plus: 6787777145d615de01828f3a9fa423c3c702f0b3
  flutter_email_sender: 02d7443217d8c41483223627972bfdc09f74276b
  flutter_keyboard_visibility: 0339d06371254c3eb25eeb90ba8d17dca8f9c069
  flutter_native_splash: 52501b97d1c0a5f898d687f1646226c1f93c56ef
  package_info_plus: 6c92f08e1f853dc01228d6f553146438dafcd14e
  path_provider_foundation: c68054786f1b4f3343858c1e1d0caaded73f0be9
  permission_handler_apple: 44366e37eaf29454a1e7b1b7d736c2cceaeb17ce
  Protobuf: 02524ec14183fe08fb259741659e79683788158b
  shared_preferences_foundation: 986fc17f3d3251412d18b0265f9c64113a8c2472
  url_launcher_ios: 08a3dfac5fb39e8759aeb0abbd5d9480f30fc8b4

PODFILE CHECKSUM: 4e8f8b2be68aeea4c0d5beb6ff1e79fface1d048

COCOAPODS: 1.11.0
